// !$*UTF8*$!
{
	archiveVersion = 1;
	classes = {
	};
	objectVersion = 56;
	objects = {

/* Begin PBXBuildFile section */
		ADC0D6F42A25EA4900FF2E2F /* AppDelegate.swift in Sources */ = {isa = PBXBuildFile; fileRef = ADC0D6F32A25EA4900FF2E2F /* AppDelegate.swift */; };
		ADC0D6F62A25EA4900FF2E2F /* SceneDelegate.swift in Sources */ = {isa = PBXBuildFile; fileRef = ADC0D6F52A25EA4900FF2E2F /* SceneDelegate.swift */; };
		ADC0D6F82A25EA4900FF2E2F /* ViewController.swift in Sources */ = {isa = PBXBuildFile; fileRef = ADC0D6F72A25EA4900FF2E2F /* ViewController.swift */; };
		ADC0D6FB2A25EA4900FF2E2F /* Main.storyboard in Resources */ = {isa = PBXBuildFile; fileRef = ADC0D6F92A25EA4900FF2E2F /* Main.storyboard */; };
		ADC0D6FD2A25EA4A00FF2E2F /* Assets.xcassets in Resources */ = {isa = PBXBuildFile; fileRef = ADC0D6FC2A25EA4A00FF2E2F /* Assets.xcassets */; };
		ADC0D7002A25EA4A00FF2E2F /* LaunchScreen.storyboard in Resources */ = {isa = PBXBuildFile; fileRef = ADC0D6FE2A25EA4A00FF2E2F /* LaunchScreen.storyboard */; };
		ADC0D70B2A25EF2900FF2E2F /* Team.swift in Sources */ = {isa = PBXBuildFile; fileRef = ADC0D70A2A25EF2900FF2E2F /* Team.swift */; };
		ADC0D70D2A25FAD800FF2E2F /* README.md in Resources */ = {isa = PBXBuildFile; fileRef = ADC0D70C2A25FAD700FF2E2F /* README.md */; };
		ADC0D7122A26213D00FF2E2F /* LeagueManager.swift in Sources */ = {isa = PBXBuildFile; fileRef = ADC0D7112A26213D00FF2E2F /* LeagueManager.swift */; };
		ADC0D7162A263C3A00FF2E2F /* TeamCell.swift in Sources */ = {isa = PBXBuildFile; fileRef = ADC0D7142A263C3A00FF2E2F /* TeamCell.swift */; };
		ADC0D7172A263C3A00FF2E2F /* TeamCell.xib in Resources */ = {isa = PBXBuildFile; fileRef = ADC0D7152A263C3A00FF2E2F /* TeamCell.xib */; };
		ADC0D7192A2653EE00FF2E2F /* appScreenShot.png in Resources */ = {isa = PBXBuildFile; fileRef = ADC0D7182A2653EE00FF2E2F /* appScreenShot.png */; };
/* End PBXBuildFile section */

/* Begin PBXFileReference section */
		ADC0D6F02A25EA4900FF2E2F /* DuaSoccerLeague.app */ = {isa = PBXFileReference; explicitFileType = wrapper.application; includeInIndex = 0; path = DuaSoccerLeague.app; sourceTree = BUILT_PRODUCTS_DIR; };
		ADC0D6F32A25EA4900FF2E2F /* AppDelegate.swift */ = {isa = PBXFileReference; lastKnownFileType = sourcecode.swift; path = AppDelegate.swift; sourceTree = "<group>"; };
		ADC0D6F52A25EA4900FF2E2F /* SceneDelegate.swift */ = {isa = PBXFileReference; lastKnownFileType = sourcecode.swift; path = SceneDelegate.swift; sourceTree = "<group>"; };
		ADC0D6F72A25EA4900FF2E2F /* ViewController.swift */ = {isa = PBXFileReference; lastKnownFileType = sourcecode.swift; path = ViewController.swift; sourceTree = "<group>"; };
		ADC0D6FA2A25EA4900FF2E2F /* Base */ = {isa = PBXFileReference; lastKnownFileType = file.storyboard; name = Base; path = Base.lproj/Main.storyboard; sourceTree = "<group>"; };
		ADC0D6FC2A25EA4A00FF2E2F /* Assets.xcassets */ = {isa = PBXFileReference; lastKnownFileType = folder.assetcatalog; path = Assets.xcassets; sourceTree = "<group>"; };
		ADC0D6FF2A25EA4A00FF2E2F /* Base */ = {isa = PBXFileReference; lastKnownFileType = file.storyboard; name = Base; path = Base.lproj/LaunchScreen.storyboard; sourceTree = "<group>"; };
		ADC0D7012A25EA4A00FF2E2F /* Info.plist */ = {isa = PBXFileReference; lastKnownFileType = text.plist.xml; path = Info.plist; sourceTree = "<group>"; };
		ADC0D70A2A25EF2900FF2E2F /* Team.swift */ = {isa = PBXFileReference; lastKnownFileType = sourcecode.swift; path = Team.swift; sourceTree = "<group>"; };
		ADC0D70C2A25FAD700FF2E2F /* README.md */ = {isa = PBXFileReference; fileEncoding = 4; lastKnownFileType = net.daringfireball.markdown; path = README.md; sourceTree = "<group>"; };
		ADC0D7112A26213D00FF2E2F /* LeagueManager.swift */ = {isa = PBXFileReference; lastKnownFileType = sourcecode.swift; path = LeagueManager.swift; sourceTree = "<group>"; };
		ADC0D7142A263C3A00FF2E2F /* TeamCell.swift */ = {isa = PBXFileReference; lastKnownFileType = sourcecode.swift; path = TeamCell.swift; sourceTree = "<group>"; };
		ADC0D7152A263C3A00FF2E2F /* TeamCell.xib */ = {isa = PBXFileReference; lastKnownFileType = file.xib; path = TeamCell.xib; sourceTree = "<group>"; };
		ADC0D7182A2653EE00FF2E2F /* appScreenShot.png */ = {isa = PBXFileReference; lastKnownFileType = image.png; path = appScreenShot.png; sourceTree = "<group>"; };
/* End PBXFileReference section */

/* Begin PBXFrameworksBuildPhase section */
		ADC0D6ED2A25EA4900FF2E2F /* Frameworks */ = {
			isa = PBXFrameworksBuildPhase;
			buildActionMask = 2147483647;
			files = (
			);
			runOnlyForDeploymentPostprocessing = 0;
		};
/* End PBXFrameworksBuildPhase section */

/* Begin PBXGroup section */
		ADC0D6E72A25EA4900FF2E2F = {
			isa = PBXGroup;
			children = (
				ADC0D7182A2653EE00FF2E2F /* appScreenShot.png */,
				ADC0D70C2A25FAD700FF2E2F /* README.md */,
				ADC0D6F22A25EA4900FF2E2F /* DuaSoccerLeague */,
				ADC0D6F12A25EA4900FF2E2F /* Products */,
			);
			sourceTree = "<group>";
		};
		ADC0D6F12A25EA4900FF2E2F /* Products */ = {
			isa = PBXGroup;
			children = (
				ADC0D6F02A25EA4900FF2E2F /* DuaSoccerLeague.app */,
			);
			name = Products;
			sourceTree = "<group>";
		};
		ADC0D6F22A25EA4900FF2E2F /* DuaSoccerLeague */ = {
			isa = PBXGroup;
			children = (
				ADC0D7092A25ED2500FF2E2F /* Model */,
				ADC0D7082A25ED2000FF2E2F /* View */,
				ADC0D7072A25ED1B00FF2E2F /* Controller */,
				ADC0D6F32A25EA4900FF2E2F /* AppDelegate.swift */,
				ADC0D6F52A25EA4900FF2E2F /* SceneDelegate.swift */,
				ADC0D6FC2A25EA4A00FF2E2F /* Assets.xcassets */,
				ADC0D7012A25EA4A00FF2E2F /* Info.plist */,
			);
			path = DuaSoccerLeague;
			sourceTree = "<group>";
		};
		ADC0D7072A25ED1B00FF2E2F /* Controller */ = {
			isa = PBXGroup;
			children = (
				ADC0D6F72A25EA4900FF2E2F /* ViewController.swift */,
			);
			path = Controller;
			sourceTree = "<group>";
		};
		ADC0D7082A25ED2000FF2E2F /* View */ = {
			isa = PBXGroup;
			children = (
				ADC0D7132A263B9100FF2E2F /* Cell */,
				ADC0D6F92A25EA4900FF2E2F /* Main.storyboard */,
				ADC0D6FE2A25EA4A00FF2E2F /* LaunchScreen.storyboard */,
			);
			path = View;
			sourceTree = "<group>";
		};
		ADC0D7092A25ED2500FF2E2F /* Model */ = {
			isa = PBXGroup;
			children = (
				ADC0D70A2A25EF2900FF2E2F /* Team.swift */,
				ADC0D7112A26213D00FF2E2F /* LeagueManager.swift */,
			);
			path = Model;
			sourceTree = "<group>";
		};
		ADC0D7132A263B9100FF2E2F /* Cell */ = {
			isa = PBXGroup;
			children = (
				ADC0D7142A263C3A00FF2E2F /* TeamCell.swift */,
				ADC0D7152A263C3A00FF2E2F /* TeamCell.xib */,
			);
			path = Cell;
			sourceTree = "<group>";
		};
/* End PBXGroup section */

/* Begin PBXNativeTarget section */
		ADC0D6EF2A25EA4900FF2E2F /* DuaSoccerLeague */ = {
			isa = PBXNativeTarget;
			buildConfigurationList = ADC0D7042A25EA4A00FF2E2F /* Build configuration list for PBXNativeTarget "DuaSoccerLeague" */;
			buildPhases = (
				ADC0D6EC2A25EA4900FF2E2F /* Sources */,
				ADC0D6ED2A25EA4900FF2E2F /* Frameworks */,
				ADC0D6EE2A25EA4900FF2E2F /* Resources */,
			);
			buildRules = (
			);
			dependencies = (
			);
			name = DuaSoccerLeague;
			productName = DuaSoccerLeague;
			productReference = ADC0D6F02A25EA4900FF2E2F /* DuaSoccerLeague.app */;
			productType = "com.apple.product-type.application";
		};
/* End PBXNativeTarget section */

/* Begin PBXProject section */
		ADC0D6E82A25EA4900FF2E2F /* Project object */ = {
			isa = PBXProject;
			attributes = {
				BuildIndependentTargetsInParallel = 1;
				LastSwiftUpdateCheck = 1430;
				LastUpgradeCheck = 1430;
				TargetAttributes = {
					ADC0D6EF2A25EA4900FF2E2F = {
						CreatedOnToolsVersion = 14.3;
					};
				};
			};
			buildConfigurationList = ADC0D6EB2A25EA4900FF2E2F /* Build configuration list for PBXProject "DuaSoccerLeague" */;
			compatibilityVersion = "Xcode 14.0";
			developmentRegion = en;
			hasScannedForEncodings = 0;
			knownRegions = (
				en,
				Base,
			);
			mainGroup = ADC0D6E72A25EA4900FF2E2F;
			productRefGroup = ADC0D6F12A25EA4900FF2E2F /* Products */;
			projectDirPath = "";
			projectRoot = "";
			targets = (
				ADC0D6EF2A25EA4900FF2E2F /* DuaSoccerLeague */,
			);
		};
/* End PBXProject section */

/* Begin PBXResourcesBuildPhase section */
		ADC0D6EE2A25EA4900FF2E2F /* Resources */ = {
			isa = PBXResourcesBuildPhase;
			buildActionMask = 2147483647;
			files = (
				ADC0D7002A25EA4A00FF2E2F /* LaunchScreen.storyboard in Resources */,
				ADC0D7172A263C3A00FF2E2F /* TeamCell.xib in Resources */,
				ADC0D6FD2A25EA4A00FF2E2F /* Assets.xcassets in Resources */,
				ADC0D70D2A25FAD800FF2E2F /* README.md in Resources */,
				ADC0D6FB2A25EA4900FF2E2F /* Main.storyboard in Resources */,
				ADC0D7192A2653EE00FF2E2F /* appScreenShot.png in Resources */,
			);
			runOnlyForDeploymentPostprocessing = 0;
		};
/* End PBXResourcesBuildPhase section */

/* Begin PBXSourcesBuildPhase section */
		ADC0D6EC2A25EA4900FF2E2F /* Sources */ = {
			isa = PBXSourcesBuildPhase;
			buildActionMask = 2147483647;
			files = (
				ADC0D7122A26213D00FF2E2F /* LeagueManager.swift in Sources */,
				ADC0D70B2A25EF2900FF2E2F /* Team.swift in Sources */,
				ADC0D7162A263C3A00FF2E2F /* TeamCell.swift in Sources */,
				ADC0D6F82A25EA4900FF2E2F /* ViewController.swift in Sources */,
				ADC0D6F42A25EA4900FF2E2F /* AppDelegate.swift in Sources */,
				ADC0D6F62A25EA4900FF2E2F /* SceneDelegate.swift in Sources */,
			);
			runOnlyForDeploymentPostprocessing = 0;
		};
/* End PBXSourcesBuildPhase section */

/* Begin PBXVariantGroup section */
		ADC0D6F92A25EA4900FF2E2F /* Main.storyboard */ = {
			isa = PBXVariantGroup;
			children = (
				ADC0D6FA2A25EA4900FF2E2F /* Base */,
			);
			name = Main.storyboard;
			sourceTree = "<group>";
		};
		ADC0D6FE2A25EA4A00FF2E2F /* LaunchScreen.storyboard */ = {
			isa = PBXVariantGroup;
			children = (
				ADC0D6FF2A25EA4A00FF2E2F /* Base */,
			);
			name = LaunchScreen.storyboard;
			sourceTree = "<group>";
		};
/* End PBXVariantGroup section */

/* Begin XCBuildConfiguration section */
		ADC0D7022A25EA4A00FF2E2F /* Debug */ = {
			isa = XCBuildConfiguration;
			buildSettings = {
				ALWAYS_SEARCH_USER_PATHS = NO;
				CLANG_ANALYZER_NONNULL = YES;
				CLANG_ANALYZER_NUMBER_OBJECT_CONVERSION = YES_AGGRESSIVE;
				CLANG_CXX_LANGUAGE_STANDARD = "gnu++20";
				CLANG_ENABLE_MODULES = YES;
				CLANG_ENABLE_OBJC_ARC = YES;
				CLANG_ENABLE_OBJC_WEAK = YES;
				CLANG_WARN_BLOCK_CAPTURE_AUTORELEASING = YES;
				CLANG_WARN_BOOL_CONVERSION = YES;
				CLANG_WARN_COMMA = YES;
				CLANG_WARN_CONSTANT_CONVERSION = YES;
				CLANG_WARN_DEPRECATED_OBJC_IMPLEMENTATIONS = YES;
				CLANG_WARN_DIRECT_OBJC_ISA_USAGE = YES_ERROR;
				CLANG_WARN_DOCUMENTATION_COMMENTS = YES;
				CLANG_WARN_EMPTY_BODY = YES;
				CLANG_WARN_ENUM_CONVERSION = YES;
				CLANG_WARN_INFINITE_RECURSION = YES;
				CLANG_WARN_INT_CONVERSION = YES;
				CLANG_WARN_NON_LITERAL_NULL_CONVERSION = YES;
				CLANG_WARN_OBJC_IMPLICIT_RETAIN_SELF = YES;
				CLANG_WARN_OBJC_LITERAL_CONVERSION = YES;
				CLANG_WARN_OBJC_ROOT_CLASS = YES_ERROR;
				CLANG_WARN_QUOTED_INCLUDE_IN_FRAMEWORK_HEADER = YES;
				CLANG_WARN_RANGE_LOOP_ANALYSIS = YES;
				CLANG_WARN_STRICT_PROTOTYPES = YES;
				CLANG_WARN_SUSPICIOUS_MOVE = YES;
				CLANG_WARN_UNGUARDED_AVAILABILITY = YES_AGGRESSIVE;
				CLANG_WARN_UNREACHABLE_CODE = YES;
				CLANG_WARN__DUPLICATE_METHOD_MATCH = YES;
				COPY_PHASE_STRIP = NO;
				DEBUG_INFORMATION_FORMAT = dwarf;
				ENABLE_STRICT_OBJC_MSGSEND = YES;
				ENABLE_TESTABILITY = YES;
				GCC_C_LANGUAGE_STANDARD = gnu11;
				GCC_DYNAMIC_NO_PIC = NO;
				GCC_NO_COMMON_BLOCKS = YES;
				GCC_OPTIMIZATION_LEVEL = 0;
				GCC_PREPROCESSOR_DEFINITIONS = (
					"DEBUG=1",
					"$(inherited)",
				);
				GCC_WARN_64_TO_32_BIT_CONVERSION = YES;
				GCC_WARN_ABOUT_RETURN_TYPE = YES_ERROR;
				GCC_WARN_UNDECLARED_SELECTOR = YES;
				GCC_WARN_UNINITIALIZED_AUTOS = YES_AGGRESSIVE;
				GCC_WARN_UNUSED_FUNCTION = YES;
				GCC_WARN_UNUSED_VARIABLE = YES;
				IPHONEOS_DEPLOYMENT_TARGET = 16.4;
				MTL_ENABLE_DEBUG_INFO = INCLUDE_SOURCE;
				MTL_FAST_MATH = YES;
				ONLY_ACTIVE_ARCH = YES;
				SDKROOT = iphoneos;
				SWIFT_ACTIVE_COMPILATION_CONDITIONS = DEBUG;
				SWIFT_OPTIMIZATION_LEVEL = "-Onone";
			};
			name = Debug;
		};
		ADC0D7032A25EA4A00FF2E2F /* Release */ = {
			isa = XCBuildConfiguration;
			buildSettings = {
				ALWAYS_SEARCH_USER_PATHS = NO;
				CLANG_ANALYZER_NONNULL = YES;
				CLANG_ANALYZER_NUMBER_OBJECT_CONVERSION = YES_AGGRESSIVE;
				CLANG_CXX_LANGUAGE_STANDARD = "gnu++20";
				CLANG_ENABLE_MODULES = YES;
				CLANG_ENABLE_OBJC_ARC = YES;
				CLANG_ENABLE_OBJC_WEAK = YES;
				CLANG_WARN_BLOCK_CAPTURE_AUTORELEASING = YES;
				CLANG_WARN_BOOL_CONVERSION = YES;
				CLANG_WARN_COMMA = YES;
				CLANG_WARN_CONSTANT_CONVERSION = YES;
				CLANG_WARN_DEPRECATED_OBJC_IMPLEMENTATIONS = YES;
				CLANG_WARN_DIRECT_OBJC_ISA_USAGE = YES_ERROR;
				CLANG_WARN_DOCUMENTATION_COMMENTS = YES;
				CLANG_WARN_EMPTY_BODY = YES;
				CLANG_WARN_ENUM_CONVERSION = YES;
				CLANG_WARN_INFINITE_RECURSION = YES;
				CLANG_WARN_INT_CONVERSION = YES;
				CLANG_WARN_NON_LITERAL_NULL_CONVERSION = YES;
				CLANG_WARN_OBJC_IMPLICIT_RETAIN_SELF = YES;
				CLANG_WARN_OBJC_LITERAL_CONVERSION = YES;
				CLANG_WARN_OBJC_ROOT_CLASS = YES_ERROR;
				CLANG_WARN_QUOTED_INCLUDE_IN_FRAMEWORK_HEADER = YES;
				CLANG_WARN_RANGE_LOOP_ANALYSIS = YES;
				CLANG_WARN_STRICT_PROTOTYPES = YES;
				CLANG_WARN_SUSPICIOUS_MOVE = YES;
				CLANG_WARN_UNGUARDED_AVAILABILITY = YES_AGGRESSIVE;
				CLANG_WARN_UNREACHABLE_CODE = YES;
				CLANG_WARN__DUPLICATE_METHOD_MATCH = YES;
				COPY_PHASE_STRIP = NO;
				DEBUG_INFORMATION_FORMAT = "dwarf-with-dsym";
				ENABLE_NS_ASSERTIONS = NO;
				ENABLE_STRICT_OBJC_MSGSEND = YES;
				GCC_C_LANGUAGE_STANDARD = gnu11;
				GCC_NO_COMMON_BLOCKS = YES;
				GCC_WARN_64_TO_32_BIT_CONVERSION = YES;
				GCC_WARN_ABOUT_RETURN_TYPE = YES_ERROR;
				GCC_WARN_UNDECLARED_SELECTOR = YES;
				GCC_WARN_UNINITIALIZED_AUTOS = YES_AGGRESSIVE;
				GCC_WARN_UNUSED_FUNCTION = YES;
				GCC_WARN_UNUSED_VARIABLE = YES;
				IPHONEOS_DEPLOYMENT_TARGET = 16.4;
				MTL_ENABLE_DEBUG_INFO = NO;
				MTL_FAST_MATH = YES;
				SDKROOT = iphoneos;
				SWIFT_COMPILATION_MODE = wholemodule;
				SWIFT_OPTIMIZATION_LEVEL = "-O";
				VALIDATE_PRODUCT = YES;
			};
			name = Release;
		};
		ADC0D7052A25EA4A00FF2E2F /* Debug */ = {
			isa = XCBuildConfiguration;
			buildSettings = {
				ASSETCATALOG_COMPILER_APPICON_NAME = AppIcon;
				ASSETCATALOG_COMPILER_GLOBAL_ACCENT_COLOR_NAME = AccentColor;
				CODE_SIGN_STYLE = Automatic;
				CURRENT_PROJECT_VERSION = 1;
				DEVELOPMENT_TEAM = 29X82L2D2X;
				GENERATE_INFOPLIST_FILE = YES;
				INFOPLIST_FILE = DuaSoccerLeague/Info.plist;
				INFOPLIST_KEY_UIApplicationSupportsIndirectInputEvents = YES;
				INFOPLIST_KEY_UILaunchStoryboardName = LaunchScreen;
				INFOPLIST_KEY_UIMainStoryboardFile = Main;
				INFOPLIST_KEY_UISupportedInterfaceOrientations_iPad = "UIInterfaceOrientationPortrait UIInterfaceOrientationPortraitUpsideDown UIInterfaceOrientationLandscapeLeft UIInterfaceOrientationLandscapeRight";
				INFOPLIST_KEY_UISupportedInterfaceOrientations_iPhone = "UIInterfaceOrientationPortrait UIInterfaceOrientationLandscapeLeft UIInterfaceOrientationLandscapeRight";
				LD_RUNPATH_SEARCH_PATHS = (
					"$(inherited)",
					"@executable_path/Frameworks",
				);
				MARKETING_VERSION = 1.0;
				PRODUCT_BUNDLE_IDENTIFIER = Blu.DuaSoccerLeague;
				PRODUCT_NAME = "$(TARGET_NAME)";
				SWIFT_EMIT_LOC_STRINGS = YES;
				SWIFT_VERSION = 5.0;
				TARGETED_DEVICE_FAMILY = "1,2";
			};
			name = Debug;
		};
		ADC0D7062A25EA4A00FF2E2F /* Release */ = {
			isa = XCBuildConfiguration;
			buildSettings = {
				ASSETCATALOG_COMPILER_APPICON_NAME = AppIcon;
				ASSETCATALOG_COMPILER_GLOBAL_ACCENT_COLOR_NAME = AccentColor;
				CODE_SIGN_STYLE = Automatic;
				CURRENT_PROJECT_VERSION = 1;
				DEVELOPMENT_TEAM = 29X82L2D2X;
				GENERATE_INFOPLIST_FILE = YES;
				INFOPLIST_FILE = DuaSoccerLeague/Info.plist;
				INFOPLIST_KEY_UIApplicationSupportsIndirectInputEvents = YES;
				INFOPLIST_KEY_UILaunchStoryboardName = LaunchScreen;
				INFOPLIST_KEY_UIMainStoryboardFile = Main;
				INFOPLIST_KEY_UISupportedInterfaceOrientations_iPad = "UIInterfaceOrientationPortrait UIInterfaceOrientationPortraitUpsideDown UIInterfaceOrientationLandscapeLeft UIInterfaceOrientationLandscapeRight";
				INFOPLIST_KEY_UISupportedInterfaceOrientations_iPhone = "UIInterfaceOrientationPortrait UIInterfaceOrientationLandscapeLeft UIInterfaceOrientationLandscapeRight";
				LD_RUNPATH_SEARCH_PATHS = (
					"$(inherited)",
					"@executable_path/Frameworks",
				);
				MARKETING_VERSION = 1.0;
				PRODUCT_BUNDLE_IDENTIFIER = Blu.DuaSoccerLeague;
				PRODUCT_NAME = "$(TARGET_NAME)";
				SWIFT_EMIT_LOC_STRINGS = YES;
				SWIFT_VERSION = 5.0;
				TARGETED_DEVICE_FAMILY = "1,2";
			};
			name = Release;
		};
/* End XCBuildConfiguration section */

/* Begin XCConfigurationList section */
		ADC0D6EB2A25EA4900FF2E2F /* Build configuration list for PBXProject "DuaSoccerLeague" */ = {
			isa = XCConfigurationList;
			buildConfigurations = (
				ADC0D7022A25EA4A00FF2E2F /* Debug */,
				ADC0D7032A25EA4A00FF2E2F /* Release */,
			);
			defaultConfigurationIsVisible = 0;
			defaultConfigurationName = Release;
		};
		ADC0D7042A25EA4A00FF2E2F /* Build configuration list for PBXNativeTarget "DuaSoccerLeague" */ = {
			isa = XCConfigurationList;
			buildConfigurations = (
				ADC0D7052A25EA4A00FF2E2F /* Debug */,
				ADC0D7062A25EA4A00FF2E2F /* Release */,
			);
			defaultConfigurationIsVisible = 0;
			defaultConfigurationName = Release;
		};
/* End XCConfigurationList section */
	};
	rootObject = ADC0D6E82A25EA4900FF2E2F /* Project object */;
}
